<?xml version="1.0" encoding="UTF-8" standalone="yes" ?>
<CodeBlocks_project_file>
	<FileVersion major="1" minor="6" />
	<Project>
		<Option title="Base_Proyecto_01" />
		<Option pch_mode="2" />
		<Option compiler="gcc" />
		<Build>
			<Target title="Debug">
				<Option output="bin/Debug/Base_Proyecto_01" prefix_auto="1" extension_auto="1" />
				<Option object_output="obj/Debug/" />
				<Option type="1" />
				<Option compiler="gcc" />
				<Compiler>
					<Add option="-g" />
				</Compiler>
			</Target>
			<Target title="Release">
				<Option output="bin/Release/Base_Proyecto_01" prefix_auto="1" extension_auto="1" />
				<Option object_output="obj/Release/" />
				<Option type="1" />
				<Option compiler="gcc" />
				<Compiler>
					<Add option="-O2" />
				</Compiler>
				<Linker>
					<Add option="-s" />
				</Linker>
			</Target>
		</Build>
		<Compiler>
			<Add option="-Wall" />
			<Add option="-fexceptions" />
		</Compiler>
		<Unit filename="Afiliado.cpp" />
		<Unit filename="Afiliado.h" />
		<Unit filename="AfiliadoArchivo.cpp" />
		<Unit filename="AfiliadoArchivo.h" />
		<Unit filename="AfiliadoManager.cpp" />
		<Unit filename="AfiliadoManager.h" />
		<Unit filename="Autorizacion.cpp" />
		<Unit filename="Autorizacion.h" />
		<Unit filename="AutorizacionArchivo.cpp" />
		<Unit filename="AutorizacionArchivo.h" />
		<Unit filename="Base_Proyecto_01.cbp" />
		<Unit filename="Base_Proyecto_01.depend" />
		<Unit filename="Base_Proyecto_01.layout" />
		<Unit filename="ConfiguracionManager.cpp" />
		<Unit filename="ConfiguracionManager.h" />
		<Unit filename="Especialidad.cpp" />
		<Unit filename="Especialidad.h" />
		<Unit filename="EspecialidadArchivo.cpp" />
		<Unit filename="EspecialidadArchivo.h" />
		<Unit filename="Fecha.cpp" />
		<Unit filename="Fecha.h" />
		<Unit filename="Medico.cpp" />
		<Unit filename="Medico.h" />
		<Unit filename="MedicoArchivo.cpp" />
		<Unit filename="MedicoArchivo.h" />
		<Unit filename="MedicoManager.cpp" />
		<Unit filename="MedicoManager.h" />
		<Unit filename="ObraSocial.cpp" />
		<Unit filename="ObraSocial.dat" />
		<Unit filename="ObraSocial.h" />
		<Unit filename="ObraSocialArchivo.cpp" />
		<Unit filename="ObraSocialArchivo.h" />
		<Unit filename="ObraSocialManager.cpp" />
		<Unit filename="ObraSocialManager.h" />
		<Unit filename="OrdenMedica.cpp" />
		<Unit filename="OrdenMedica.dat" />
		<Unit filename="OrdenMedica.h" />
		<Unit filename="OrdenMedicaArchivo.cpp" />
		<Unit filename="OrdenMedicaArchivo.h" />
		<Unit filename="OrdenMedicaManager.cpp" />
		<Unit filename="OrdenMedicaManager.h" />
		<Unit filename="OrigenDeLaOrden.cpp" />
		<Unit filename="OrigenDeLaOrden.dat" />
		<Unit filename="OrigenDeLaOrden.h" />
		<Unit filename="OrigenDeLaOrdenArchivo.cpp" />
		<Unit filename="OrigenDeLaOrdenArchivo.h" />
		<Unit filename="OrigenDeLaOrdenManager.cpp" />
		<Unit filename="OrigenDeLaOrdenManager.h" />
		<Unit filename="Persona.cpp" />
		<Unit filename="Persona.h" />
		<Unit filename="README.md" />
		<Unit filename="TipoDeOrden.cpp" />
		<Unit filename="TipoDeOrden.h" />
		<Unit filename="TipoDeOrdenArchivo.cpp" />
		<Unit filename="TipoDeOrdenArchivo.h" />
		<Unit filename="TipoDeOrdenManager.cpp" />
		<Unit filename="TipoDeOrdenManager.h" />
		<Unit filename="afiliados.dat" />
		<Unit filename="auxiliares.cpp" />
		<Unit filename="auxiliares.h" />
		<Unit filename="main.cpp" />
		<Unit filename="tipoDeOrden.dat" />
		<Extensions />
	</Project>
</CodeBlocks_project_file>
